
Microsoft Visual Studio Solution File, Format Version 12.00
# Visual Studio Version 16
VisualStudioVersion = 16.0.32901.82
MinimumVisualStudioVersion = 10.0.40219.1
Project("{FAE04EC0-301F-11D3-BF4B-00C04F79EFBC}") = "RestorantMenusu", "RestorantMenusu\RestorantMenusu.csproj", "{BEBBBB02-0B44-40D6-BAA6-24BF97B26C68}"
EndProject
Global
	GlobalSection(SolutionConfigurationPlatforms) = preSolution
		Debug|Any CPU = Debug|Any CPU
		Release|Any CPU = Release|Any CPU
	EndGlobalSection
	GlobalSection(ProjectConfigurationPlatforms) = postSolution
		{BEBBBB02-0B44-40D6-BAA6-24BF97B26C68}.Debug|Any CPU.ActiveCfg = Debug|Any CPU
		{BEBBBB02-0B44-40D6-BAA6-24BF97B26C68}.Debug|Any CPU.Build.0 = Debug|Any CPU
		{BEBBBB02-0B44-40D6-BAA6-24BF97B26C68}.Release|Any CPU.ActiveCfg = Release|Any CPU
		{BEBBBB02-0B44-40D6-BAA6-24BF97B26C68}.Release|Any CPU.Build.0 = Release|Any CPU
	EndGlobalSection
	GlobalSection(SolutionProperties) = preSolution
		HideSolutionNode = FALSE
	EndGlobalSection
	GlobalSection(ExtensibilityGlobals) = postSolution
		SolutionGuid = {6360CE48-3ADB-484C-9A55-7E9DDCF53C8C}
	EndGlobalSection
EndGlobal
